
Microsoft Visual Studio Solution File, Format Version 11.00
# Visual Studio 2010
Project("{159641D6-6404-4A2A-AE62-294DE0FE8301}") = "AdventureWorksETL", "AdventureWorksETL\AdventureWorksETL.dtproj", "{FF5B9A7B-A995-493B-BB6C-FF077AB6C69A}"
EndProject
Global
	GlobalSection(SolutionConfigurationPlatforms) = preSolution
		Development|Default = Development|Default
	EndGlobalSection
	GlobalSection(ProjectConfigurationPlatforms) = postSolution
		{FF5B9A7B-A995-493B-BB6C-FF077AB6C69A}.Development|Default.ActiveCfg = Development
		{FF5B9A7B-A995-493B-BB6C-FF077AB6C69A}.Development|Default.Build.0 = Development
	EndGlobalSection
	GlobalSection(SolutionProperties) = preSolution
		HideSolutionNode = FALSE
	EndGlobalSection
EndGlobal
